github.com/chewxy/cu v0.8.0/go.mod h1:I6Jw9Dyyi6V3zS1oJ/KRdGtKBjVs2rBV0durW8YYnPc=
github.com/chewxy/hm v1.0.0/go.mod h1:qg9YI4q6Fkj/whwHR1D+bOGeF7SniIP40VweVepLjg0=
github.com/chewxy/math32 v1.0.0/go.mod h1:Miac6hA1ohdDUTagnvJy/q+aNnEk16qWUdb8ZVhvCN0=
github.com/cznic/cc v0.0.0-20171021204506-4b6ffb9b7827/go.mod h1:m3fD/V+XTB35Kh9zw6dzjMY+We0Q7PMf6LLIC4vuG9k=
github.com/cznic/golex v0.0.0-20170803123110-4ab7c5e190e4/go.mod h1:+bmmJDNmKlhWNG+gwWCkaBoTy39Fs+bzRxVBzoTQbIc=
github.com/cznic/mathutil v0.0.0-20171015093839-09cde8d5df5f/go.mod h1:e6NPNENfs9mPDVNRekM7lKScauxd5kXTr1Mfyig6TDM=
github.com/cznic/strutil v0.0.0-20171016134553-529a34b1c186/go.mod h1:AHHPPPXTw0h6pVabbcbyGRK1DckRn7r/STdZEeIDzZc=
github.com/cznic/xc v0.0.0-20170110181416-056465bb2be5/go.mod h1:3oFoiOvCDBYH+swwf5+k/woVmWy7h1Fcyu8Qig/jjX0=
github.com/davecgh/go-spew v1.1.0 h1:ZDRjVQ15GmhC3fiQ8ni8+OwkZQO4DARzQgrnXU1Liz8=
github.com/davecgh/go-spew v1.1.0/go.mod h1:J7Y8YcW2NihsgmVo/mv3lAwl/skON4iLHjSsI+c5H38=
github.com/gonum/blas v0.0.0-20170728112917-37e82626499e/go.mod h1:P32wAyui1PQ58Oce/KYkOqQv8cVw1zAapXOl+dRFGbc=
github.com/pkg/errors v0.8.0 h1:WdK/asTD0HN+q6hsWO3/vpuAkAr+tw6aNJNDFFf0+qw=
github.com/pkg/errors v0.8.0/go.mod h1:bwawxfHBFNV+L2hUp1rHADufV3IMtnDRdf1r5NINEl0=
github.com/pmezard/go-difflib v1.0.0 h1:4DBwDE0NGyQoBHbLQYPwSUPoCMWR5BEzIk/f1lZbAQM=
github.com/pmezard/go-difflib v1.0.0/go.mod h1:iKH77koFhYxTK1pcRnkKkqfTogsbg7gZNVY4sRDYZ/4=
github.com/stretchr/testify v1.1.4 h1:ToftOQTytwshuOSj6bDSolVUa3GINfJP/fg3OkkOzQQ=
github.com/stretchr/testify v1.1.4/go.mod h1:a8OnRcib4nhh0OaRAV+Yts87kKdq0PP7pXfy6kDkUVs=
github.com/xtgo/set v0.0.0-20151204082305-4431f6b51265/go.mod h1:d3NHzGzSa0NmB2NhFyECA+QdRp29oEn2xbT+TpeFoM8=
gonum.org/v1/gonum v0.0.0-20171215054852-ad5995341f50/go.mod h1:cucAdkem48eM79EG1fdGOGASXorNZIYAO9duTse+1cI=
gorgonia.org/tensor v0.8.0/go.mod h1:05Y4laKuVlj4qFoZIZW1q/9n1jZkgDBOLmKXZdBLG1w=
gorgonia.org/vecf32 v0.7.1-0.20171210012140-9c61466a81d9/go.mod h1:iHG+kvTMqGYA0SgahfO2k62WRnxmHsqAREGbayRDzy8=
gorgonia.org/vecf64 v0.7.1-0.20171210012113-92cacded62a7/go.mod h1:1y4pmcSd+wh3phG+InwWQjYrqwyrtN9h27WLFVQfV1Q=
